// !$*UTF8*$!
{
	archiveVersion = 1;
	classes = {
	};
	objectVersion = 46;
	objects = {

/* Begin PBXBuildFile section */
		4800DB631CA81A8C003D399D /* Util.swift in Sources */ = {isa = PBXBuildFile; fileRef = 4800DB621CA81A8C003D399D /* Util.swift */; };
		4875DE3B1CA947D000ADEBE2 /* UserPopoverViewController.swift in Sources */ = {isa = PBXBuildFile; fileRef = 4875DE3A1CA947D000ADEBE2 /* UserPopoverViewController.swift */; };
		4875DE3D1CA9567000ADEBE2 /* LoginViewController.swift in Sources */ = {isa = PBXBuildFile; fileRef = 4875DE3C1CA9567000ADEBE2 /* LoginViewController.swift */; };
		4875DE3F1CA96D7E00ADEBE2 /* RegisterViewController.swift in Sources */ = {isa = PBXBuildFile; fileRef = 4875DE3E1CA96D7E00ADEBE2 /* RegisterViewController.swift */; };
		48B8C7BD1CA20CDA001174E3 /* AppDelegate.swift in Sources */ = {isa = PBXBuildFile; fileRef = 48B8C7BC1CA20CDA001174E3 /* AppDelegate.swift */; };
		48B8C7BF1CA20CDA001174E3 /* FindViewController.swift in Sources */ = {isa = PBXBuildFile; fileRef = 48B8C7BE1CA20CDA001174E3 /* FindViewController.swift */; };
		48B8C7C21CA20CDA001174E3 /* Main.storyboard in Resources */ = {isa = PBXBuildFile; fileRef = 48B8C7C01CA20CDA001174E3 /* Main.storyboard */; };
		48B8C7C41CA20CDA001174E3 /* Assets.xcassets in Resources */ = {isa = PBXBuildFile; fileRef = 48B8C7C31CA20CDA001174E3 /* Assets.xcassets */; };
		48B8C7C71CA20CDA001174E3 /* LaunchScreen.storyboard in Resources */ = {isa = PBXBuildFile; fileRef = 48B8C7C51CA20CDA001174E3 /* LaunchScreen.storyboard */; };
		48B8C7D31CA20D2D001174E3 /* SWRevealViewController.m in Sources */ = {isa = PBXBuildFile; fileRef = 48B8C7D11CA20D2D001174E3 /* SWRevealViewController.m */; };
		48B8C7D91CA21728001174E3 /* HomeViewController.swift in Sources */ = {isa = PBXBuildFile; fileRef = 48B8C7D81CA21728001174E3 /* HomeViewController.swift */; };
		B1FF0BECFB6E579ED3042912 /* Pods_RentalCar.framework in Frameworks */ = {isa = PBXBuildFile; fileRef = 67E1784182A485F372B00780 /* Pods_RentalCar.framework */; };
/* End PBXBuildFile section */

/* Begin PBXFileReference section */
		4800DB621CA81A8C003D399D /* Util.swift */ = {isa = PBXFileReference; fileEncoding = 4; lastKnownFileType = sourcecode.swift; path = Util.swift; sourceTree = "<group>"; };
		4875DE3A1CA947D000ADEBE2 /* UserPopoverViewController.swift */ = {isa = PBXFileReference; fileEncoding = 4; lastKnownFileType = sourcecode.swift; path = UserPopoverViewController.swift; sourceTree = "<group>"; };
		4875DE3C1CA9567000ADEBE2 /* LoginViewController.swift */ = {isa = PBXFileReference; fileEncoding = 4; lastKnownFileType = sourcecode.swift; path = LoginViewController.swift; sourceTree = "<group>"; };
		4875DE3E1CA96D7E00ADEBE2 /* RegisterViewController.swift */ = {isa = PBXFileReference; fileEncoding = 4; lastKnownFileType = sourcecode.swift; path = RegisterViewController.swift; sourceTree = "<group>"; };
		48B8C7B91CA20CDA001174E3 /* RentalCar.app */ = {isa = PBXFileReference; explicitFileType = wrapper.application; includeInIndex = 0; path = RentalCar.app; sourceTree = BUILT_PRODUCTS_DIR; };
		48B8C7BC1CA20CDA001174E3 /* AppDelegate.swift */ = {isa = PBXFileReference; lastKnownFileType = sourcecode.swift; path = AppDelegate.swift; sourceTree = "<group>"; };
		48B8C7BE1CA20CDA001174E3 /* FindViewController.swift */ = {isa = PBXFileReference; lastKnownFileType = sourcecode.swift; path = FindViewController.swift; sourceTree = "<group>"; };
		48B8C7C11CA20CDA001174E3 /* Base */ = {isa = PBXFileReference; lastKnownFileType = file.storyboard; name = Base; path = Base.lproj/Main.storyboard; sourceTree = "<group>"; };
		48B8C7C31CA20CDA001174E3 /* Assets.xcassets */ = {isa = PBXFileReference; lastKnownFileType = folder.assetcatalog; path = Assets.xcassets; sourceTree = "<group>"; };
		48B8C7C61CA20CDA001174E3 /* Base */ = {isa = PBXFileReference; lastKnownFileType = file.storyboard; name = Base; path = Base.lproj/LaunchScreen.storyboard; sourceTree = "<group>"; };
		48B8C7C81CA20CDA001174E3 /* Info.plist */ = {isa = PBXFileReference; lastKnownFileType = text.plist.xml; path = Info.plist; sourceTree = "<group>"; };
		48B8C7CF1CA20D2D001174E3 /* RentalCar-Bridging-Header.h */ = {isa = PBXFileReference; lastKnownFileType = sourcecode.c.h; path = "RentalCar-Bridging-Header.h"; sourceTree = "<group>"; };
		48B8C7D01CA20D2D001174E3 /* SWRevealViewController.h */ = {isa = PBXFileReference; fileEncoding = 4; lastKnownFileType = sourcecode.c.h; path = SWRevealViewController.h; sourceTree = "<group>"; };
		48B8C7D11CA20D2D001174E3 /* SWRevealViewController.m */ = {isa = PBXFileReference; fileEncoding = 4; lastKnownFileType = sourcecode.c.objc; path = SWRevealViewController.m; sourceTree = "<group>"; };
		48B8C7D81CA21728001174E3 /* HomeViewController.swift */ = {isa = PBXFileReference; fileEncoding = 4; lastKnownFileType = sourcecode.swift; path = HomeViewController.swift; sourceTree = "<group>"; };
		527D2FF2E2DBE1664B19735C /* Pods-RentalCar.debug.xcconfig */ = {isa = PBXFileReference; includeInIndex = 1; lastKnownFileType = text.xcconfig; name = "Pods-RentalCar.debug.xcconfig"; path = "Pods/Target Support Files/Pods-RentalCar/Pods-RentalCar.debug.xcconfig"; sourceTree = "<group>"; };
		67E1784182A485F372B00780 /* Pods_RentalCar.framework */ = {isa = PBXFileReference; explicitFileType = wrapper.framework; includeInIndex = 0; path = Pods_RentalCar.framework; sourceTree = BUILT_PRODUCTS_DIR; };
		BBF7273537067B3F7C5EC1D5 /* Pods-RentalCar.release.xcconfig */ = {isa = PBXFileReference; includeInIndex = 1; lastKnownFileType = text.xcconfig; name = "Pods-RentalCar.release.xcconfig"; path = "Pods/Target Support Files/Pods-RentalCar/Pods-RentalCar.release.xcconfig"; sourceTree = "<group>"; };
/* End PBXFileReference section */

/* Begin PBXFrameworksBuildPhase section */
		48B8C7B61CA20CDA001174E3 /* Frameworks */ = {
			isa = PBXFrameworksBuildPhase;
			buildActionMask = 2147483647;
			files = (
				B1FF0BECFB6E579ED3042912 /* Pods_RentalCar.framework in Frameworks */,
			);
			runOnlyForDeploymentPostprocessing = 0;
		};
/* End PBXFrameworksBuildPhase section */

/* Begin PBXGroup section */
		462E4A27AF514BF9DCB06AAA /* Frameworks */ = {
			isa = PBXGroup;
			children = (
				67E1784182A485F372B00780 /* Pods_RentalCar.framework */,
			);
			name = Frameworks;
			sourceTree = "<group>";
		};
		4875DE371CA9457900ADEBE2 /* user */ = {
			isa = PBXGroup;
			children = (
				4875DE3A1CA947D000ADEBE2 /* UserPopoverViewController.swift */,
				4875DE3C1CA9567000ADEBE2 /* LoginViewController.swift */,
				4875DE3E1CA96D7E00ADEBE2 /* RegisterViewController.swift */,
			);
			name = user;
			sourceTree = "<group>";
		};
		48B8C7B01CA20CDA001174E3 = {
			isa = PBXGroup;
			children = (
				48B8C7BB1CA20CDA001174E3 /* RentalCar */,
				48B8C7BA1CA20CDA001174E3 /* Products */,
				A3947F0BA31EAD447E775463 /* Pods */,
				462E4A27AF514BF9DCB06AAA /* Frameworks */,
			);
			sourceTree = "<group>";
		};
		48B8C7BA1CA20CDA001174E3 /* Products */ = {
			isa = PBXGroup;
			children = (
				48B8C7B91CA20CDA001174E3 /* RentalCar.app */,
			);
			name = Products;
			sourceTree = "<group>";
		};
		48B8C7BB1CA20CDA001174E3 /* RentalCar */ = {
			isa = PBXGroup;
			children = (
				48B8C7C01CA20CDA001174E3 /* Main.storyboard */,
				48B8C7BC1CA20CDA001174E3 /* AppDelegate.swift */,
				4875DE371CA9457900ADEBE2 /* user */,
				48B8C7D51CA216EC001174E3 /* home */,
				48B8C7D61CA216FB001174E3 /* find */,
				48B8C7CE1CA20D01001174E3 /* config */,
				48B8C7C31CA20CDA001174E3 /* Assets.xcassets */,
				48B8C7C51CA20CDA001174E3 /* LaunchScreen.storyboard */,
				48B8C7C81CA20CDA001174E3 /* Info.plist */,
			);
			path = RentalCar;
			sourceTree = "<group>";
		};
		48B8C7CE1CA20D01001174E3 /* config */ = {
			isa = PBXGroup;
			children = (
				48B8C7D41CA20D45001174E3 /* SWRevealViewController */,
				4800DB621CA81A8C003D399D /* Util.swift */,
			);
			name = config;
			sourceTree = "<group>";
		};
		48B8C7D41CA20D45001174E3 /* SWRevealViewController */ = {
			isa = PBXGroup;
			children = (
				48B8C7D01CA20D2D001174E3 /* SWRevealViewController.h */,
				48B8C7D11CA20D2D001174E3 /* SWRevealViewController.m */,
				48B8C7CF1CA20D2D001174E3 /* RentalCar-Bridging-Header.h */,
			);
			name = SWRevealViewController;
			sourceTree = "<group>";
		};
		48B8C7D51CA216EC001174E3 /* home */ = {
			isa = PBXGroup;
			children = (
				48B8C7D81CA21728001174E3 /* HomeViewController.swift */,
			);
			name = home;
			sourceTree = "<group>";
		};
		48B8C7D61CA216FB001174E3 /* find */ = {
			isa = PBXGroup;
			children = (
				48B8C7BE1CA20CDA001174E3 /* FindViewController.swift */,
			);
			name = find;
			sourceTree = "<group>";
		};
		A3947F0BA31EAD447E775463 /* Pods */ = {
			isa = PBXGroup;
			children = (
				527D2FF2E2DBE1664B19735C /* Pods-RentalCar.debug.xcconfig */,
				BBF7273537067B3F7C5EC1D5 /* Pods-RentalCar.release.xcconfig */,
			);
			name = Pods;
			sourceTree = "<group>";
		};
/* End PBXGroup section */

/* Begin PBXNativeTarget section */
		48B8C7B81CA20CDA001174E3 /* RentalCar */ = {
			isa = PBXNativeTarget;
			buildConfigurationList = 48B8C7CB1CA20CDA001174E3 /* Build configuration list for PBXNativeTarget "RentalCar" */;
			buildPhases = (
				A0479C2DEB6A063C8000D0CD /* Check Pods Manifest.lock */,
				48B8C7B51CA20CDA001174E3 /* Sources */,
				48B8C7B61CA20CDA001174E3 /* Frameworks */,
				48B8C7B71CA20CDA001174E3 /* Resources */,
				D20AF372BC63AF259A448EFF /* Embed Pods Frameworks */,
				1EF88371C462B7A6AA1C1EDA /* Copy Pods Resources */,
			);
			buildRules = (
			);
			dependencies = (
			);
			name = RentalCar;
			productName = RentalCar;
			productReference = 48B8C7B91CA20CDA001174E3 /* RentalCar.app */;
			productType = "com.apple.product-type.application";
		};
/* End PBXNativeTarget section */

/* Begin PBXProject section */
		48B8C7B11CA20CDA001174E3 /* Project object */ = {
			isa = PBXProject;
			attributes = {
				LastSwiftUpdateCheck = 0720;
				LastUpgradeCheck = 0720;
				ORGANIZATIONNAME = "MONNIER Ysee";
				TargetAttributes = {
					48B8C7B81CA20CDA001174E3 = {
						CreatedOnToolsVersion = 7.2.1;
					};
				};
			};
			buildConfigurationList = 48B8C7B41CA20CDA001174E3 /* Build configuration list for PBXProject "RentalCar" */;
			compatibilityVersion = "Xcode 3.2";
			developmentRegion = English;
			hasScannedForEncodings = 0;
			knownRegions = (
				en,
				Base,
			);
			mainGroup = 48B8C7B01CA20CDA001174E3;
			productRefGroup = 48B8C7BA1CA20CDA001174E3 /* Products */;
			projectDirPath = "";
			projectRoot = "";
			targets = (
				48B8C7B81CA20CDA001174E3 /* RentalCar */,
			);
		};
/* End PBXProject section */

/* Begin PBXResourcesBuildPhase section */
		48B8C7B71CA20CDA001174E3 /* Resources */ = {
			isa = PBXResourcesBuildPhase;
			buildActionMask = 2147483647;
			files = (
				48B8C7C71CA20CDA001174E3 /* LaunchScreen.storyboard in Resources */,
				48B8C7C41CA20CDA001174E3 /* Assets.xcassets in Resources */,
				48B8C7C21CA20CDA001174E3 /* Main.storyboard in Resources */,
			);
			runOnlyForDeploymentPostprocessing = 0;
		};
/* End PBXResourcesBuildPhase section */

/* Begin PBXShellScriptBuildPhase section */
		1EF88371C462B7A6AA1C1EDA /* Copy Pods Resources */ = {
			isa = PBXShellScriptBuildPhase;
			buildActionMask = 2147483647;
			files = (
			);
			inputPaths = (
			);
			name = "Copy Pods Resources";
			outputPaths = (
			);
			runOnlyForDeploymentPostprocessing = 0;
			shellPath = /bin/sh;
			shellScript = "\"${SRCROOT}/Pods/Target Support Files/Pods-RentalCar/Pods-RentalCar-resources.sh\"\n";
			showEnvVarsInLog = 0;
		};
		A0479C2DEB6A063C8000D0CD /* Check Pods Manifest.lock */ = {
			isa = PBXShellScriptBuildPhase;
			buildActionMask = 2147483647;
			files = (
			);
			inputPaths = (
			);
			name = "Check Pods Manifest.lock";
			outputPaths = (
			);
			runOnlyForDeploymentPostprocessing = 0;
			shellPath = /bin/sh;
			shellScript = "diff \"${PODS_ROOT}/../Podfile.lock\" \"${PODS_ROOT}/Manifest.lock\" > /dev/null\nif [[ $? != 0 ]] ; then\n    cat << EOM\nerror: The sandbox is not in sync with the Podfile.lock. Run 'pod install' or update your CocoaPods installation.\nEOM\n    exit 1\nfi\n";
			showEnvVarsInLog = 0;
		};
		D20AF372BC63AF259A448EFF /* Embed Pods Frameworks */ = {
			isa = PBXShellScriptBuildPhase;
			buildActionMask = 2147483647;
			files = (
			);
			inputPaths = (
			);
			name = "Embed Pods Frameworks";
			outputPaths = (
			);
			runOnlyForDeploymentPostprocessing = 0;
			shellPath = /bin/sh;
			shellScript = "\"${SRCROOT}/Pods/Target Support Files/Pods-RentalCar/Pods-RentalCar-frameworks.sh\"\n";
			showEnvVarsInLog = 0;
		};
/* End PBXShellScriptBuildPhase section */

/* Begin PBXSourcesBuildPhase section */
		48B8C7B51CA20CDA001174E3 /* Sources */ = {
			isa = PBXSourcesBuildPhase;
			buildActionMask = 2147483647;
			files = (
				4875DE3F1CA96D7E00ADEBE2 /* RegisterViewController.swift in Sources */,
				48B8C7BF1CA20CDA001174E3 /* FindViewController.swift in Sources */,
				4875DE3B1CA947D000ADEBE2 /* UserPopoverViewController.swift in Sources */,
				4800DB631CA81A8C003D399D /* Util.swift in Sources */,
				48B8C7BD1CA20CDA001174E3 /* AppDelegate.swift in Sources */,
				4875DE3D1CA9567000ADEBE2 /* LoginViewController.swift in Sources */,
				48B8C7D31CA20D2D001174E3 /* SWRevealViewController.m in Sources */,
				48B8C7D91CA21728001174E3 /* HomeViewController.swift in Sources */,
			);
			runOnlyForDeploymentPostprocessing = 0;
		};
/* End PBXSourcesBuildPhase section */

/* Begin PBXVariantGroup section */
		48B8C7C01CA20CDA001174E3 /* Main.storyboard */ = {
			isa = PBXVariantGroup;
			children = (
				48B8C7C11CA20CDA001174E3 /* Base */,
			);
			name = Main.storyboard;
			sourceTree = "<group>";
		};
		48B8C7C51CA20CDA001174E3 /* LaunchScreen.storyboard */ = {
			isa = PBXVariantGroup;
			children = (
				48B8C7C61CA20CDA001174E3 /* Base */,
			);
			name = LaunchScreen.storyboard;
			sourceTree = "<group>";
		};
/* End PBXVariantGroup section */

/* Begin XCBuildConfiguration section */
		48B8C7C91CA20CDA001174E3 /* Debug */ = {
			isa = XCBuildConfiguration;
			buildSettings = {
				ALWAYS_SEARCH_USER_PATHS = NO;
				CLANG_CXX_LANGUAGE_STANDARD = "gnu++0x";
				CLANG_CXX_LIBRARY = "libc++";
				CLANG_ENABLE_MODULES = YES;
				CLANG_ENABLE_OBJC_ARC = YES;
				CLANG_WARN_BOOL_CONVERSION = YES;
				CLANG_WARN_CONSTANT_CONVERSION = YES;
				CLANG_WARN_DIRECT_OBJC_ISA_USAGE = YES_ERROR;
				CLANG_WARN_EMPTY_BODY = YES;
				CLANG_WARN_ENUM_CONVERSION = YES;
				CLANG_WARN_INT_CONVERSION = YES;
				CLANG_WARN_OBJC_ROOT_CLASS = YES_ERROR;
				CLANG_WARN_UNREACHABLE_CODE = YES;
				CLANG_WARN__DUPLICATE_METHOD_MATCH = YES;
				"CODE_SIGN_IDENTITY[sdk=iphoneos*]" = "iPhone Developer";
				COPY_PHASE_STRIP = NO;
				DEBUG_INFORMATION_FORMAT = dwarf;
				ENABLE_STRICT_OBJC_MSGSEND = YES;
				ENABLE_TESTABILITY = YES;
				GCC_C_LANGUAGE_STANDARD = gnu99;
				GCC_DYNAMIC_NO_PIC = NO;
				GCC_NO_COMMON_BLOCKS = YES;
				GCC_OPTIMIZATION_LEVEL = 0;
				GCC_PREPROCESSOR_DEFINITIONS = (
					"DEBUG=1",
					"$(inherited)",
				);
				GCC_WARN_64_TO_32_BIT_CONVERSION = YES;
				GCC_WARN_ABOUT_RETURN_TYPE = YES_ERROR;
				GCC_WARN_UNDECLARED_SELECTOR = YES;
				GCC_WARN_UNINITIALIZED_AUTOS = YES_AGGRESSIVE;
				GCC_WARN_UNUSED_FUNCTION = YES;
				GCC_WARN_UNUSED_VARIABLE = YES;
				IPHONEOS_DEPLOYMENT_TARGET = 9.2;
				MTL_ENABLE_DEBUG_INFO = YES;
				ONLY_ACTIVE_ARCH = YES;
				SDKROOT = iphoneos;
				SWIFT_OPTIMIZATION_LEVEL = "-Onone";
			};
			name = Debug;
		};
		48B8C7CA1CA20CDA001174E3 /* Release */ = {
			isa = XCBuildConfiguration;
			buildSettings = {
				ALWAYS_SEARCH_USER_PATHS = NO;
				CLANG_CXX_LANGUAGE_STANDARD = "gnu++0x";
				CLANG_CXX_LIBRARY = "libc++";
				CLANG_ENABLE_MODULES = YES;
				CLANG_ENABLE_OBJC_ARC = YES;
				CLANG_WARN_BOOL_CONVERSION = YES;
				CLANG_WARN_CONSTANT_CONVERSION = YES;
				CLANG_WARN_DIRECT_OBJC_ISA_USAGE = YES_ERROR;
				CLANG_WARN_EMPTY_BODY = YES;
				CLANG_WARN_ENUM_CONVERSION = YES;
				CLANG_WARN_INT_CONVERSION = YES;
				CLANG_WARN_OBJC_ROOT_CLASS = YES_ERROR;
				CLANG_WARN_UNREACHABLE_CODE = YES;
				CLANG_WARN__DUPLICATE_METHOD_MATCH = YES;
				"CODE_SIGN_IDENTITY[sdk=iphoneos*]" = "iPhone Developer";
				COPY_PHASE_STRIP = NO;
				DEBUG_INFORMATION_FORMAT = "dwarf-with-dsym";
				ENABLE_NS_ASSERTIONS = NO;
				ENABLE_STRICT_OBJC_MSGSEND = YES;
				GCC_C_LANGUAGE_STANDARD = gnu99;
				GCC_NO_COMMON_BLOCKS = YES;
				GCC_WARN_64_TO_32_BIT_CONVERSION = YES;
				GCC_WARN_ABOUT_RETURN_TYPE = YES_ERROR;
				GCC_WARN_UNDECLARED_SELECTOR = YES;
				GCC_WARN_UNINITIALIZED_AUTOS = YES_AGGRESSIVE;
				GCC_WARN_UNUSED_FUNCTION = YES;
				GCC_WARN_UNUSED_VARIABLE = YES;
				IPHONEOS_DEPLOYMENT_TARGET = 9.2;
				MTL_ENABLE_DEBUG_INFO = NO;
				SDKROOT = iphoneos;
				VALIDATE_PRODUCT = YES;
			};
			name = Release;
		};
		48B8C7CC1CA20CDA001174E3 /* Debug */ = {
			isa = XCBuildConfiguration;
			baseConfigurationReference = 527D2FF2E2DBE1664B19735C /* Pods-RentalCar.debug.xcconfig */;
			buildSettings = {
				ASSETCATALOG_COMPILER_APPICON_NAME = AppIcon;
				CLANG_ENABLE_MODULES = YES;
				INFOPLIST_FILE = RentalCar/Info.plist;
				LD_RUNPATH_SEARCH_PATHS = "$(inherited) @executable_path/Frameworks";
				PRODUCT_BUNDLE_IDENTIFIER = com.ysee.RentalCar;
				PRODUCT_NAME = "$(TARGET_NAME)";
				SWIFT_OBJC_BRIDGING_HEADER = "RentalCar/RentalCar-Bridging-Header.h";
				SWIFT_OPTIMIZATION_LEVEL = "-Onone";
			};
			name = Debug;
		};
		48B8C7CD1CA20CDA001174E3 /* Release */ = {
			isa = XCBuildConfiguration;
			baseConfigurationReference = BBF7273537067B3F7C5EC1D5 /* Pods-RentalCar.release.xcconfig */;
			buildSettings = {
				ASSETCATALOG_COMPILER_APPICON_NAME = AppIcon;
				CLANG_ENABLE_MODULES = YES;
				INFOPLIST_FILE = RentalCar/Info.plist;
				LD_RUNPATH_SEARCH_PATHS = "$(inherited) @executable_path/Frameworks";
				PRODUCT_BUNDLE_IDENTIFIER = com.ysee.RentalCar;
				PRODUCT_NAME = "$(TARGET_NAME)";
				SWIFT_OBJC_BRIDGING_HEADER = "RentalCar/RentalCar-Bridging-Header.h";
			};
			name = Release;
		};
/* End XCBuildConfiguration section */

/* Begin XCConfigurationList section */
		48B8C7B41CA20CDA001174E3 /* Build configuration list for PBXProject "RentalCar" */ = {
			isa = XCConfigurationList;
			buildConfigurations = (
				48B8C7C91CA20CDA001174E3 /* Debug */,
				48B8C7CA1CA20CDA001174E3 /* Release */,
			);
			defaultConfigurationIsVisible = 0;
			defaultConfigurationName = Release;
		};
		48B8C7CB1CA20CDA001174E3 /* Build configuration list for PBXNativeTarget "RentalCar" */ = {
			isa = XCConfigurationList;
			buildConfigurations = (
				48B8C7CC1CA20CDA001174E3 /* Debug */,
				48B8C7CD1CA20CDA001174E3 /* Release */,
			);
			defaultConfigurationIsVisible = 0;
			defaultConfigurationName = Release;
		};
/* End XCConfigurationList section */
	};
	rootObject = 48B8C7B11CA20CDA001174E3 /* Project object */;
}
